PODS:
  - ATProxy (0.2.4):
    - ATProxy/ATProxy (= 0.2.4)
  - ATProxy/ATProxy (0.2.4)

DEPENDENCIES:
  - ATProxy (from `../`)

EXTERNAL SOURCES:
  ATProxy:
    :path: "../"

SPEC CHECKSUMS:
  ATProxy: 3298bd9ba0f9ca2209e2251ab876efd7aad46f65

PODFILE CHECKSUM: fc87be1aab81f2a67ef7fcd507baef74a8594f5f

COCOAPODS: 1.6.1
